
Microsoft Visual Studio Solution File, Format Version 12.00
# Visual Studio 15
Project("{FAE04EC0-301F-11D3-BF4B-00C04F79EFBC}") = "CMWeather.Android", "CMWeather.Android\CMWeather.Android.csproj", "{C9FCE1BF-260C-4A58-9753-7629149AB831}"
EndProject
Project("{FAE04EC0-301F-11D3-BF4B-00C04F79EFBC}") = "CMWeather.iOS", "CMWeather.iOS\CMWeather.iOS.csproj", "{12D79EED-187A-487F-B525-107DC4746BB8}"
EndProject
Project("{FAE04EC0-301F-11D3-BF4B-00C04F79EFBC}") = "CMWeather", "CMWeather\CMWeather.csproj", "{D23B32B3-E956-425A-9ED3-01BCF558D7D3}"
EndProject
Global
	GlobalSection(SolutionConfigurationPlatforms) = preSolution
		Debug|Any CPU = Debug|Any CPU
		Release|Any CPU = Release|Any CPU
		Debug|iPhoneSimulator = Debug|iPhoneSimulator
		Release|iPhoneSimulator = Release|iPhoneSimulator
		Debug|iPhone = Debug|iPhone
		Release|iPhone = Release|iPhone
	EndGlobalSection
	GlobalSection(ProjectConfigurationPlatforms) = postSolution
		{C9FCE1BF-260C-4A58-9753-7629149AB831}.Debug|Any CPU.ActiveCfg = Debug|Any CPU
		{C9FCE1BF-260C-4A58-9753-7629149AB831}.Debug|Any CPU.Build.0 = Debug|Any CPU
		{C9FCE1BF-260C-4A58-9753-7629149AB831}.Release|Any CPU.ActiveCfg = Release|Any CPU
		{C9FCE1BF-260C-4A58-9753-7629149AB831}.Release|Any CPU.Build.0 = Release|Any CPU
		{C9FCE1BF-260C-4A58-9753-7629149AB831}.Debug|iPhoneSimulator.ActiveCfg = Debug|Any CPU
		{C9FCE1BF-260C-4A58-9753-7629149AB831}.Debug|iPhoneSimulator.Build.0 = Debug|Any CPU
		{C9FCE1BF-260C-4A58-9753-7629149AB831}.Release|iPhoneSimulator.ActiveCfg = Release|Any CPU
		{C9FCE1BF-260C-4A58-9753-7629149AB831}.Release|iPhoneSimulator.Build.0 = Release|Any CPU
		{C9FCE1BF-260C-4A58-9753-7629149AB831}.Debug|iPhone.ActiveCfg = Debug|Any CPU
		{C9FCE1BF-260C-4A58-9753-7629149AB831}.Debug|iPhone.Build.0 = Debug|Any CPU
		{C9FCE1BF-260C-4A58-9753-7629149AB831}.Release|iPhone.ActiveCfg = Release|Any CPU
		{C9FCE1BF-260C-4A58-9753-7629149AB831}.Release|iPhone.Build.0 = Release|Any CPU
		{12D79EED-187A-487F-B525-107DC4746BB8}.Debug|Any CPU.ActiveCfg = Debug|iPhoneSimulator
		{12D79EED-187A-487F-B525-107DC4746BB8}.Debug|Any CPU.Build.0 = Debug|iPhoneSimulator
		{12D79EED-187A-487F-B525-107DC4746BB8}.Release|Any CPU.ActiveCfg = Release|iPhoneSimulator
		{12D79EED-187A-487F-B525-107DC4746BB8}.Release|Any CPU.Build.0 = Release|iPhoneSimulator
		{12D79EED-187A-487F-B525-107DC4746BB8}.Debug|iPhoneSimulator.ActiveCfg = Debug|iPhoneSimulator
		{12D79EED-187A-487F-B525-107DC4746BB8}.Debug|iPhoneSimulator.Build.0 = Debug|iPhoneSimulator
		{12D79EED-187A-487F-B525-107DC4746BB8}.Release|iPhoneSimulator.ActiveCfg = Release|iPhoneSimulator
		{12D79EED-187A-487F-B525-107DC4746BB8}.Release|iPhoneSimulator.Build.0 = Release|iPhoneSimulator
		{12D79EED-187A-487F-B525-107DC4746BB8}.Debug|iPhone.ActiveCfg = Debug|iPhone
		{12D79EED-187A-487F-B525-107DC4746BB8}.Debug|iPhone.Build.0 = Debug|iPhone
		{12D79EED-187A-487F-B525-107DC4746BB8}.Release|iPhone.ActiveCfg = Release|iPhone
		{12D79EED-187A-487F-B525-107DC4746BB8}.Release|iPhone.Build.0 = Release|iPhone
		{D23B32B3-E956-425A-9ED3-01BCF558D7D3}.Debug|Any CPU.ActiveCfg = Debug|Any CPU
		{D23B32B3-E956-425A-9ED3-01BCF558D7D3}.Debug|Any CPU.Build.0 = Debug|Any CPU
		{D23B32B3-E956-425A-9ED3-01BCF558D7D3}.Release|Any CPU.ActiveCfg = Release|Any CPU
		{D23B32B3-E956-425A-9ED3-01BCF558D7D3}.Release|Any CPU.Build.0 = Release|Any CPU
		{D23B32B3-E956-425A-9ED3-01BCF558D7D3}.Debug|iPhoneSimulator.ActiveCfg = Debug|Any CPU
		{D23B32B3-E956-425A-9ED3-01BCF558D7D3}.Debug|iPhoneSimulator.Build.0 = Debug|Any CPU
		{D23B32B3-E956-425A-9ED3-01BCF558D7D3}.Release|iPhoneSimulator.ActiveCfg = Release|Any CPU
		{D23B32B3-E956-425A-9ED3-01BCF558D7D3}.Release|iPhoneSimulator.Build.0 = Release|Any CPU
		{D23B32B3-E956-425A-9ED3-01BCF558D7D3}.Debug|iPhone.ActiveCfg = Debug|Any CPU
		{D23B32B3-E956-425A-9ED3-01BCF558D7D3}.Debug|iPhone.Build.0 = Debug|Any CPU
		{D23B32B3-E956-425A-9ED3-01BCF558D7D3}.Release|iPhone.ActiveCfg = Release|Any CPU
		{D23B32B3-E956-425A-9ED3-01BCF558D7D3}.Release|iPhone.Build.0 = Release|Any CPU
	EndGlobalSection
EndGlobal
